
Microsoft Visual Studio Solution File, Format Version 12.00
# Visual Studio Version 17
VisualStudioVersion = 17.4.33122.133
MinimumVisualStudioVersion = 10.0.40219.1
Project("{FAE04EC0-301F-11D3-BF4B-00C04F79EFBC}") = "SahindiBratva", "SahindiBratva.csproj", "{099DE5FC-1557-43B3-B444-B32679EC2A05}"
EndProject
Global
	GlobalSection(SolutionConfigurationPlatforms) = preSolution
		Debug|Any CPU = Debug|Any CPU
		Release|Any CPU = Release|Any CPU
	EndGlobalSection
	GlobalSection(ProjectConfigurationPlatforms) = postSolution
		{099DE5FC-1557-43B3-B444-B32679EC2A05}.Debug|Any CPU.ActiveCfg = Debug|Any CPU
		{099DE5FC-1557-43B3-B444-B32679EC2A05}.Debug|Any CPU.Build.0 = Debug|Any CPU
		{099DE5FC-1557-43B3-B444-B32679EC2A05}.Release|Any CPU.ActiveCfg = Release|Any CPU
		{099DE5FC-1557-43B3-B444-B32679EC2A05}.Release|Any CPU.Build.0 = Release|Any CPU
	EndGlobalSection
	GlobalSection(SolutionProperties) = preSolution
		HideSolutionNode = FALSE
	EndGlobalSection
	GlobalSection(ExtensibilityGlobals) = postSolution
		SolutionGuid = {84F2F601-E546-470A-AB10-20D89C8C38F3}
	EndGlobalSection
EndGlobal
